
Microsoft Visual Studio Solution File, Format Version 12.00
# Visual Studio Version 16
VisualStudioVersion = 16.0.31613.86
MinimumVisualStudioVersion = 10.0.40219.1
Project("{FAE04EC0-301F-11D3-BF4B-00C04F79EFBC}") = "AppService.ELX.Adv.Perf.1", "AppService.ELX.Adv.Perf.1\AppService.ELX.Adv.Perf.1.csproj", "{0B55E31A-B6B2-41D9-813E-61BD6D2080F8}"
EndProject
Global
	GlobalSection(SolutionConfigurationPlatforms) = preSolution
		Debug|Any CPU = Debug|Any CPU
		Release|Any CPU = Release|Any CPU
	EndGlobalSection
	GlobalSection(ProjectConfigurationPlatforms) = postSolution
		{0B55E31A-B6B2-41D9-813E-61BD6D2080F8}.Debug|Any CPU.ActiveCfg = Debug|Any CPU
		{0B55E31A-B6B2-41D9-813E-61BD6D2080F8}.Debug|Any CPU.Build.0 = Debug|Any CPU
		{0B55E31A-B6B2-41D9-813E-61BD6D2080F8}.Release|Any CPU.ActiveCfg = Release|Any CPU
		{0B55E31A-B6B2-41D9-813E-61BD6D2080F8}.Release|Any CPU.Build.0 = Release|Any CPU
	EndGlobalSection
	GlobalSection(SolutionProperties) = preSolution
		HideSolutionNode = FALSE
	EndGlobalSection
	GlobalSection(ExtensibilityGlobals) = postSolution
		SolutionGuid = {CEB140C5-A244-4D49-B1EE-CE533C2D685C}
	EndGlobalSection
EndGlobal
